<?xml version="1.0" encoding="utf-8"?>
<Project ToolsVersion="4.0" xmlns="http://schemas.microsoft.com/developer/msbuild/2003">
  <ItemGroup>
    <Filter Include="Arquivos de Origem">
      <UniqueIdentifier>{4FC737F1-C7A5-4376-A066-2A32D752A2FF}</UniqueIdentifier>
      <Extensions>cpp;c;cc;cxx;c++;cppm;ixx;def;odl;idl;hpj;bat;asm;asmx</Extensions>
    </Filter>
    <Filter Include="Arquivos de Cabeçalho">
      <UniqueIdentifier>{93995380-89BD-4b04-88EB-625FBE52EBFB}</UniqueIdentifier>
      <Extensions>h;hh;hpp;hxx;h++;hm;inl;inc;ipp;xsd</Extensions>
    </Filter>
    <Filter Include="Arquivos de Recurso">
      <UniqueIdentifier>{67DA6AB6-F800-4c08-8B7A-83BB121AAD01}</UniqueIdentifier>
      <Extensions>rc;ico;cur;bmp;dlg;rc2;rct;bin;rgs;gif;jpg;jpeg;jpe;resx;tiff;tif;png;wav;mfcribbon-ms</Extensions>
    </Filter>
    <Filter Include="Arquivos de Origem\src">
      <UniqueIdentifier>{d2eb1f11-c889-423d-ac59-ba7c56850013}</UniqueIdentifier>
    </Filter>
    <Filter Include="Arquivos de Origem\src\memory">
      <UniqueIdentifier>{64a49b30-3f77-4a97-a995-8ba7edf41747}</UniqueIdentifier>
    </Filter>
    <Filter Include="Arquivos de Origem\src\memory\utils">
      <UniqueIdentifier>{3707e66d-8a2a-4400-ad7b-502d564c144f}</UniqueIdentifier>
    </Filter>
    <Filter Include="Arquivos de Origem\src\functions">
      <UniqueIdentifier>{006c795a-83a6-4829-bb83-c65d5b345580}</UniqueIdentifier>
    </Filter>
    <Filter Include="Arquivos de Origem\src\functions\fly_mode">
      <UniqueIdentifier>{f376c075-bc53-4910-becf-b1f7d5d01239}</UniqueIdentifier>
    </Filter>
  </ItemGroup>
  <ItemGroup>
    <ClCompile Include="main.cpp">
      <Filter>Arquivos de Origem\src</Filter>
    </ClCompile>
    <ClCompile Include="memory.cpp">
      <Filter>Arquivos de Origem\src\memory</Filter>
    </ClCompile>
    <ClCompile Include="Converter.h">
      <Filter>Arquivos de Origem\src\memory\utils</Filter>
    </ClCompile>
  </ItemGroup>
  <ItemGroup>
    <ClInclude Include="memory.h">
      <Filter>Arquivos de Origem\src\memory</Filter>
    </ClInclude>
    <ClInclude Include="fly_mode.h">
      <Filter>Arquivos de Origem\src\functions\fly_mode</Filter>
    </ClInclude>
  </ItemGroup>
</Project>