<?xml version="1.0" encoding="utf-8"?>
<Project ToolsVersion="4.0" xmlns="http://schemas.microsoft.com/developer/msbuild/2003">
  <ItemGroup>
    <Filter Include="Arquivos de Origem">
      <UniqueIdentifier>{4FC737F1-C7A5-4376-A066-2A32D752A2FF}</UniqueIdentifier>
      <Extensions>cpp;c;cc;cxx;def;odl;idl;hpj;bat;asm;asmx</Extensions>
    </Filter>
    <Filter Include="Arquivos de Cabeçalho">
      <UniqueIdentifier>{93995380-89BD-4b04-88EB-625FBE52EBFB}</UniqueIdentifier>
      <Extensions>h;hh;hpp;hxx;hm;inl;inc;ipp;xsd</Extensions>
    </Filter>
    <Filter Include="Arquivos de Recurso">
      <UniqueIdentifier>{67DA6AB6-F800-4c08-8B7A-83BB121AAD01}</UniqueIdentifier>
      <Extensions>rc;ico;cur;bmp;dlg;rc2;rct;bin;rgs;gif;jpg;jpeg;jpe;resx;tiff;tif;png;wav;mfcribbon-ms</Extensions>
    </Filter>
    <Filter Include="Arquivos de Origem\Classes">
      <UniqueIdentifier>{6397b2f3-85ee-44b7-aaea-ba9b6cecb57c}</UniqueIdentifier>
    </Filter>
    <Filter Include="Arquivos de Origem\Classes\MemoryTools">
      <UniqueIdentifier>{433c0448-31a4-4222-a895-df951019e055}</UniqueIdentifier>
    </Filter>
    <Filter Include="Arquivos de Origem\Classes\Address">
      <UniqueIdentifier>{f4ef4818-cda2-4d47-beea-a1e07fa17f26}</UniqueIdentifier>
    </Filter>
    <Filter Include="Arquivos de Origem\Classes\List">
      <UniqueIdentifier>{6e84df7e-a1f8-4b9f-bb97-4471561d2787}</UniqueIdentifier>
    </Filter>
    <Filter Include="Arquivos de Origem\Classes\Module">
      <UniqueIdentifier>{5e4474eb-b425-4d44-b601-4aec75c69fd9}</UniqueIdentifier>
    </Filter>
    <Filter Include="Arquivos de Origem\Classes\In">
      <UniqueIdentifier>{6bc436c6-81d2-4eee-a122-3713874e0e48}</UniqueIdentifier>
    </Filter>
    <Filter Include="Arquivos de Origem\Classes\Out">
      <UniqueIdentifier>{e0cbc89e-25db-4f97-bbb5-1f7f26b349ea}</UniqueIdentifier>
    </Filter>
    <Filter Include="Arquivos de Origem\Classes\Thread">
      <UniqueIdentifier>{e0bfff94-7e2b-40c7-a4aa-557936a3d8b8}</UniqueIdentifier>
    </Filter>
  </ItemGroup>
  <ItemGroup>
    <ClInclude Include="framework.h">
      <Filter>Arquivos de Cabeçalho</Filter>
    </ClInclude>
    <ClInclude Include="pch.h">
      <Filter>Arquivos de Cabeçalho</Filter>
    </ClInclude>
    <ClInclude Include="MemoryTools.h">
      <Filter>Arquivos de Origem\Classes\MemoryTools</Filter>
    </ClInclude>
    <ClInclude Include="Address.h">
      <Filter>Arquivos de Origem\Classes\Address</Filter>
    </ClInclude>
    <ClInclude Include="List.h">
      <Filter>Arquivos de Origem\Classes\List</Filter>
    </ClInclude>
    <ClInclude Include="Module.h">
      <Filter>Arquivos de Origem\Classes\Module</Filter>
    </ClInclude>
    <ClInclude Include="Out.h">
      <Filter>Arquivos de Origem\Classes\Out</Filter>
    </ClInclude>
    <ClInclude Include="In.h">
      <Filter>Arquivos de Origem\Classes\In</Filter>
    </ClInclude>
    <ClInclude Include="Thread.h">
      <Filter>Arquivos de Origem\Classes\Thread</Filter>
    </ClInclude>
    <ClInclude Include="resource.h">
      <Filter>Arquivos de Cabeçalho</Filter>
    </ClInclude>
  </ItemGroup>
  <ItemGroup>
    <ClCompile Include="pch.cpp">
      <Filter>Arquivos de Origem</Filter>
    </ClCompile>
    <ClCompile Include="MemoryTools.cpp">
      <Filter>Arquivos de Origem\Classes\MemoryTools</Filter>
    </ClCompile>
    <ClCompile Include="Address.cpp">
      <Filter>Arquivos de Origem\Classes\Address</Filter>
    </ClCompile>
    <ClCompile Include="List.cpp">
      <Filter>Arquivos de Origem\Classes\List</Filter>
    </ClCompile>
    <ClCompile Include="Module.cpp">
      <Filter>Arquivos de Origem\Classes\Module</Filter>
    </ClCompile>
    <ClCompile Include="Out.cpp">
      <Filter>Arquivos de Origem\Classes\Out</Filter>
    </ClCompile>
    <ClCompile Include="In.cpp">
      <Filter>Arquivos de Origem\Classes\In</Filter>
    </ClCompile>
    <ClCompile Include="Thread.cpp">
      <Filter>Arquivos de Origem\Classes\Thread</Filter>
    </ClCompile>
  </ItemGroup>
  <ItemGroup>
    <None Include="cpp.hint" />
  </ItemGroup>
  <ItemGroup>
    <ResourceCompile Include="MemoryTools.rc">
      <Filter>Arquivos de Recurso</Filter>
    </ResourceCompile>
  </ItemGroup>
</Project>